
Microsoft Visual Studio Solution File, Format Version 12.00
# Visual Studio 15
VisualStudioVersion = 15.0.28307.329
MinimumVisualStudioVersion = 10.0.40219.1
Project("{FAE04EC0-301F-11D3-BF4B-00C04F79EFBC}") = "ProjTesteComGit", "ProjTesteComGit\ProjTesteComGit.csproj", "{FF4D07A4-1D51-4FA5-B8F1-45ADC3617400}"
EndProject
Global
	GlobalSection(SolutionConfigurationPlatforms) = preSolution
		Debug|Any CPU = Debug|Any CPU
		Release|Any CPU = Release|Any CPU
	EndGlobalSection
	GlobalSection(ProjectConfigurationPlatforms) = postSolution
		{FF4D07A4-1D51-4FA5-B8F1-45ADC3617400}.Debug|Any CPU.ActiveCfg = Debug|Any CPU
		{FF4D07A4-1D51-4FA5-B8F1-45ADC3617400}.Debug|Any CPU.Build.0 = Debug|Any CPU
		{FF4D07A4-1D51-4FA5-B8F1-45ADC3617400}.Release|Any CPU.ActiveCfg = Release|Any CPU
		{FF4D07A4-1D51-4FA5-B8F1-45ADC3617400}.Release|Any CPU.Build.0 = Release|Any CPU
	EndGlobalSection
	GlobalSection(SolutionProperties) = preSolution
		HideSolutionNode = FALSE
	EndGlobalSection
	GlobalSection(ExtensibilityGlobals) = postSolution
		SolutionGuid = {0F059CD9-9AA2-4169-881A-55FC0AADC6C1}
	EndGlobalSection
EndGlobal
